
Microsoft Visual Studio Solution File, Format Version 12.00
# Visual Studio Version 16
VisualStudioVersion = 16.0.30128.74
MinimumVisualStudioVersion = 10.0.40219.1
Project("{FAE04EC0-301F-11D3-BF4B-00C04F79EFBC}") = "ChromiumBrowser", "ChromiumBrowser.csproj", "{03E06CB4-4B7F-4DBD-9B96-A193C5A9705F}"
EndProject
Global
	GlobalSection(SolutionConfigurationPlatforms) = preSolution
		Debug|Any CPU = Debug|Any CPU
		Debug|x64 = Debug|x64
		Release|Any CPU = Release|Any CPU
		Release|x64 = Release|x64
	EndGlobalSection
	GlobalSection(ProjectConfigurationPlatforms) = postSolution
		{03E06CB4-4B7F-4DBD-9B96-A193C5A9705F}.Debug|Any CPU.ActiveCfg = Debug|Any CPU
		{03E06CB4-4B7F-4DBD-9B96-A193C5A9705F}.Debug|Any CPU.Build.0 = Debug|Any CPU
		{03E06CB4-4B7F-4DBD-9B96-A193C5A9705F}.Debug|x64.ActiveCfg = Debug|x64
		{03E06CB4-4B7F-4DBD-9B96-A193C5A9705F}.Debug|x64.Build.0 = Debug|x64
		{03E06CB4-4B7F-4DBD-9B96-A193C5A9705F}.Release|Any CPU.ActiveCfg = Release|Any CPU
		{03E06CB4-4B7F-4DBD-9B96-A193C5A9705F}.Release|Any CPU.Build.0 = Release|Any CPU
		{03E06CB4-4B7F-4DBD-9B96-A193C5A9705F}.Release|x64.ActiveCfg = Release|x64
		{03E06CB4-4B7F-4DBD-9B96-A193C5A9705F}.Release|x64.Build.0 = Release|x64
	EndGlobalSection
	GlobalSection(SolutionProperties) = preSolution
		HideSolutionNode = FALSE
	EndGlobalSection
	GlobalSection(ExtensibilityGlobals) = postSolution
		SolutionGuid = {31C76A8A-0D90-4A2F-A01D-ADE65D81E2A8}
	EndGlobalSection
EndGlobal
